
Microsoft Visual Studio Solution File, Format Version 12.00
# Visual Studio Version 16
VisualStudioVersion = 16.0.31402.337
MinimumVisualStudioVersion = 10.0.40219.1
Project("{9A19103F-16F7-4668-BE54-9A1E7A4F7556}") = "MachineFuncApi", "MachineFuncApi\MachineFuncApi.csproj", "{BEF50C0B-7EC3-4232-A70E-151A10254BA7}"
EndProject
Project("{9A19103F-16F7-4668-BE54-9A1E7A4F7556}") = "MachineParkCore.Shared", "MachineParkCore.Shared\MachineParkCore.Shared.csproj", "{6D632E83-6F32-40DB-A57D-21AFB100941F}"
EndProject
Project("{9A19103F-16F7-4668-BE54-9A1E7A4F7556}") = "MachineParkRazor", "MachineParkRazor\MachineParkRazor.csproj", "{9EC58BB7-F541-4355-BEC6-E9383DA0DE0F}"
EndProject
Global
	GlobalSection(SolutionConfigurationPlatforms) = preSolution
		Debug|Any CPU = Debug|Any CPU
		Release|Any CPU = Release|Any CPU
	EndGlobalSection
	GlobalSection(ProjectConfigurationPlatforms) = postSolution
		{BEF50C0B-7EC3-4232-A70E-151A10254BA7}.Debug|Any CPU.ActiveCfg = Debug|Any CPU
		{BEF50C0B-7EC3-4232-A70E-151A10254BA7}.Debug|Any CPU.Build.0 = Debug|Any CPU
		{BEF50C0B-7EC3-4232-A70E-151A10254BA7}.Release|Any CPU.ActiveCfg = Release|Any CPU
		{BEF50C0B-7EC3-4232-A70E-151A10254BA7}.Release|Any CPU.Build.0 = Release|Any CPU
		{6D632E83-6F32-40DB-A57D-21AFB100941F}.Debug|Any CPU.ActiveCfg = Debug|Any CPU
		{6D632E83-6F32-40DB-A57D-21AFB100941F}.Debug|Any CPU.Build.0 = Debug|Any CPU
		{6D632E83-6F32-40DB-A57D-21AFB100941F}.Release|Any CPU.ActiveCfg = Release|Any CPU
		{6D632E83-6F32-40DB-A57D-21AFB100941F}.Release|Any CPU.Build.0 = Release|Any CPU
		{9EC58BB7-F541-4355-BEC6-E9383DA0DE0F}.Debug|Any CPU.ActiveCfg = Debug|Any CPU
		{9EC58BB7-F541-4355-BEC6-E9383DA0DE0F}.Debug|Any CPU.Build.0 = Debug|Any CPU
		{9EC58BB7-F541-4355-BEC6-E9383DA0DE0F}.Release|Any CPU.ActiveCfg = Release|Any CPU
		{9EC58BB7-F541-4355-BEC6-E9383DA0DE0F}.Release|Any CPU.Build.0 = Release|Any CPU
	EndGlobalSection
	GlobalSection(SolutionProperties) = preSolution
		HideSolutionNode = FALSE
	EndGlobalSection
	GlobalSection(ExtensibilityGlobals) = postSolution
		SolutionGuid = {C11DFBD2-485C-4AD4-A5BD-EFAD916D4FCD}
	EndGlobalSection
EndGlobal
